// !$*UTF8*$!
{
	archiveVersion = 1;
	classes = {
	};
	objectVersion = 50;
	objects = {

/* Begin PBXBuildFile section */
		BB78ED182238227A002B7F39 /* AppDelegate.swift in Sources */ = {isa = PBXBuildFile; fileRef = BB78ED172238227A002B7F39 /* AppDelegate.swift */; };
		BB78ED1A2238227A002B7F39 /* ViewController.swift in Sources */ = {isa = PBXBuildFile; fileRef = BB78ED192238227A002B7F39 /* ViewController.swift */; };
		BB78ED1D2238227A002B7F39 /* Main.storyboard in Resources */ = {isa = PBXBuildFile; fileRef = BB78ED1B2238227A002B7F39 /* Main.storyboard */; };
		BB78ED1F2238227B002B7F39 /* Assets.xcassets in Resources */ = {isa = PBXBuildFile; fileRef = BB78ED1E2238227B002B7F39 /* Assets.xcassets */; };
		BB78ED222238227B002B7F39 /* LaunchScreen.storyboard in Resources */ = {isa = PBXBuildFile; fileRef = BB78ED202238227B002B7F39 /* LaunchScreen.storyboard */; };
		BB78ED9722392023002B7F39 /* YLBasicAnimationViewController.swift in Sources */ = {isa = PBXBuildFile; fileRef = BB78ED5722392023002B7F39 /* YLBasicAnimationViewController.swift */; };
		BBFD9D08223CDF34000159A1 /* YLBaseViewController.swift in Sources */ = {isa = PBXBuildFile; fileRef = BBFD9D07223CDF34000159A1 /* YLBaseViewController.swift */; };
/* End PBXBuildFile section */

/* Begin PBXFileReference section */
		BB78ED142238227A002B7F39 /* YLAnimation.app */ = {isa = PBXFileReference; explicitFileType = wrapper.application; includeInIndex = 0; path = YLAnimation.app; sourceTree = BUILT_PRODUCTS_DIR; };
		BB78ED172238227A002B7F39 /* AppDelegate.swift */ = {isa = PBXFileReference; lastKnownFileType = sourcecode.swift; path = AppDelegate.swift; sourceTree = "<group>"; };
		BB78ED192238227A002B7F39 /* ViewController.swift */ = {isa = PBXFileReference; lastKnownFileType = sourcecode.swift; path = ViewController.swift; sourceTree = "<group>"; };
		BB78ED1C2238227A002B7F39 /* Base */ = {isa = PBXFileReference; lastKnownFileType = file.storyboard; name = Base; path = Base.lproj/Main.storyboard; sourceTree = "<group>"; };
		BB78ED1E2238227B002B7F39 /* Assets.xcassets */ = {isa = PBXFileReference; lastKnownFileType = folder.assetcatalog; path = Assets.xcassets; sourceTree = "<group>"; };
		BB78ED212238227B002B7F39 /* Base */ = {isa = PBXFileReference; lastKnownFileType = file.storyboard; name = Base; path = Base.lproj/LaunchScreen.storyboard; sourceTree = "<group>"; };
		BB78ED232238227B002B7F39 /* Info.plist */ = {isa = PBXFileReference; lastKnownFileType = text.plist.xml; path = Info.plist; sourceTree = "<group>"; };
		BB78ED5722392023002B7F39 /* YLBasicAnimationViewController.swift */ = {isa = PBXFileReference; fileEncoding = 4; lastKnownFileType = sourcecode.swift; path = YLBasicAnimationViewController.swift; sourceTree = "<group>"; };
		BBFD9D07223CDF34000159A1 /* YLBaseViewController.swift */ = {isa = PBXFileReference; lastKnownFileType = sourcecode.swift; path = YLBaseViewController.swift; sourceTree = "<group>"; };
/* End PBXFileReference section */

/* Begin PBXFrameworksBuildPhase section */
		BB78ED112238227A002B7F39 /* Frameworks */ = {
			isa = PBXFrameworksBuildPhase;
			buildActionMask = 2147483647;
			files = (
			);
			runOnlyForDeploymentPostprocessing = 0;
		};
/* End PBXFrameworksBuildPhase section */

/* Begin PBXGroup section */
		BB78ED0B2238227A002B7F39 = {
			isa = PBXGroup;
			children = (
				BB78ED162238227A002B7F39 /* YLAnimation */,
				BB78ED152238227A002B7F39 /* Products */,
			);
			sourceTree = "<group>";
		};
		BB78ED152238227A002B7F39 /* Products */ = {
			isa = PBXGroup;
			children = (
				BB78ED142238227A002B7F39 /* YLAnimation.app */,
			);
			name = Products;
			sourceTree = "<group>";
		};
		BB78ED162238227A002B7F39 /* YLAnimation */ = {
			isa = PBXGroup;
			children = (
				BBFD9D07223CDF34000159A1 /* YLBaseViewController.swift */,
				BB78ED5722392023002B7F39 /* YLBasicAnimationViewController.swift */,
				BB78ED172238227A002B7F39 /* AppDelegate.swift */,
				BB78ED192238227A002B7F39 /* ViewController.swift */,
				BB78ED1B2238227A002B7F39 /* Main.storyboard */,
				BB78ED1E2238227B002B7F39 /* Assets.xcassets */,
				BB78ED202238227B002B7F39 /* LaunchScreen.storyboard */,
				BB78ED232238227B002B7F39 /* Info.plist */,
			);
			path = YLAnimation;
			sourceTree = "<group>";
		};
/* End PBXGroup section */

/* Begin PBXNativeTarget section */
		BB78ED132238227A002B7F39 /* YLAnimation */ = {
			isa = PBXNativeTarget;
			buildConfigurationList = BB78ED262238227B002B7F39 /* Build configuration list for PBXNativeTarget "YLAnimation" */;
			buildPhases = (
				BB78ED102238227A002B7F39 /* Sources */,
				BB78ED112238227A002B7F39 /* Frameworks */,
				BB78ED122238227A002B7F39 /* Resources */,
			);
			buildRules = (
			);
			dependencies = (
			);
			name = YLAnimation;
			productName = YLAnimation;
			productReference = BB78ED142238227A002B7F39 /* YLAnimation.app */;
			productType = "com.apple.product-type.application";
		};
/* End PBXNativeTarget section */

/* Begin PBXProject section */
		BB78ED0C2238227A002B7F39 /* Project object */ = {
			isa = PBXProject;
			attributes = {
				LastSwiftUpdateCheck = 1010;
				LastUpgradeCheck = 1010;
				ORGANIZATIONNAME = Yeonluu;
				TargetAttributes = {
					BB78ED132238227A002B7F39 = {
						CreatedOnToolsVersion = 10.1;
					};
				};
			};
			buildConfigurationList = BB78ED0F2238227A002B7F39 /* Build configuration list for PBXProject "YLAnimation" */;
			compatibilityVersion = "Xcode 9.3";
			developmentRegion = en;
			hasScannedForEncodings = 0;
			knownRegions = (
				en,
				Base,
			);
			mainGroup = BB78ED0B2238227A002B7F39;
			productRefGroup = BB78ED152238227A002B7F39 /* Products */;
			projectDirPath = "";
			projectRoot = "";
			targets = (
				BB78ED132238227A002B7F39 /* YLAnimation */,
			);
		};
/* End PBXProject section */

/* Begin PBXResourcesBuildPhase section */
		BB78ED122238227A002B7F39 /* Resources */ = {
			isa = PBXResourcesBuildPhase;
			buildActionMask = 2147483647;
			files = (
				BB78ED222238227B002B7F39 /* LaunchScreen.storyboard in Resources */,
				BB78ED1F2238227B002B7F39 /* Assets.xcassets in Resources */,
				BB78ED1D2238227A002B7F39 /* Main.storyboard in Resources */,
			);
			runOnlyForDeploymentPostprocessing = 0;
		};
/* End PBXResourcesBuildPhase section */

/* Begin PBXSourcesBuildPhase section */
		BB78ED102238227A002B7F39 /* Sources */ = {
			isa = PBXSourcesBuildPhase;
			buildActionMask = 2147483647;
			files = (
				BB78ED1A2238227A002B7F39 /* ViewController.swift in Sources */,
				BB78ED182238227A002B7F39 /* AppDelegate.swift in Sources */,
				BBFD9D08223CDF34000159A1 /* YLBaseViewController.swift in Sources */,
				BB78ED9722392023002B7F39 /* YLBasicAnimationViewController.swift in Sources */,
			);
			runOnlyForDeploymentPostprocessing = 0;
		};
/* End PBXSourcesBuildPhase section */

/* Begin PBXVariantGroup section */
		BB78ED1B2238227A002B7F39 /* Main.storyboard */ = {
			isa = PBXVariantGroup;
			children = (
				BB78ED1C2238227A002B7F39 /* Base */,
			);
			name = Main.storyboard;
			sourceTree = "<group>";
		};
		BB78ED202238227B002B7F39 /* LaunchScreen.storyboard */ = {
			isa = PBXVariantGroup;
			children = (
				BB78ED212238227B002B7F39 /* Base */,
			);
			name = LaunchScreen.storyboard;
			sourceTree = "<group>";
		};
/* End PBXVariantGroup section */

/* Begin XCBuildConfiguration section */
		BB78ED242238227B002B7F39 /* Debug */ = {
			isa = XCBuildConfiguration;
			buildSettings = {
				ALWAYS_SEARCH_USER_PATHS = NO;
				CLANG_ANALYZER_NONNULL = YES;
				CLANG_ANALYZER_NUMBER_OBJECT_CONVERSION = YES_AGGRESSIVE;
				CLANG_CXX_LANGUAGE_STANDARD = "gnu++14";
				CLANG_CXX_LIBRARY = "libc++";
				CLANG_ENABLE_MODULES = YES;
				CLANG_ENABLE_OBJC_ARC = YES;
				CLANG_ENABLE_OBJC_WEAK = YES;
				CLANG_WARN_BLOCK_CAPTURE_AUTORELEASING = YES;
				CLANG_WARN_BOOL_CONVERSION = YES;
				CLANG_WARN_COMMA = YES;
				CLANG_WARN_CONSTANT_CONVERSION = YES;
				CLANG_WARN_DEPRECATED_OBJC_IMPLEMENTATIONS = YES;
				CLANG_WARN_DIRECT_OBJC_ISA_USAGE = YES_ERROR;
				CLANG_WARN_DOCUMENTATION_COMMENTS = YES;
				CLANG_WARN_EMPTY_BODY = YES;
				CLANG_WARN_ENUM_CONVERSION = YES;
				CLANG_WARN_INFINITE_RECURSION = YES;
				CLANG_WARN_INT_CONVERSION = YES;
				CLANG_WARN_NON_LITERAL_NULL_CONVERSION = YES;
				CLANG_WARN_OBJC_IMPLICIT_RETAIN_SELF = YES;
				CLANG_WARN_OBJC_LITERAL_CONVERSION = YES;
				CLANG_WARN_OBJC_ROOT_CLASS = YES_ERROR;
				CLANG_WARN_RANGE_LOOP_ANALYSIS = YES;
				CLANG_WARN_STRICT_PROTOTYPES = YES;
				CLANG_WARN_SUSPICIOUS_MOVE = YES;
				CLANG_WARN_UNGUARDED_AVAILABILITY = YES_AGGRESSIVE;
				CLANG_WARN_UNREACHABLE_CODE = YES;
				CLANG_WARN__DUPLICATE_METHOD_MATCH = YES;
				CODE_SIGN_IDENTITY = "iPhone Developer";
				COPY_PHASE_STRIP = NO;
				DEBUG_INFORMATION_FORMAT = dwarf;
				ENABLE_STRICT_OBJC_MSGSEND = YES;
				ENABLE_TESTABILITY = YES;
				GCC_C_LANGUAGE_STANDARD = gnu11;
				GCC_DYNAMIC_NO_PIC = NO;
				GCC_NO_COMMON_BLOCKS = YES;
				GCC_OPTIMIZATION_LEVEL = 0;
				GCC_PREPROCESSOR_DEFINITIONS = (
					"DEBUG=1",
					"$(inherited)",
				);
				GCC_WARN_64_TO_32_BIT_CONVERSION = YES;
				GCC_WARN_ABOUT_RETURN_TYPE = YES_ERROR;
				GCC_WARN_UNDECLARED_SELECTOR = YES;
				GCC_WARN_UNINITIALIZED_AUTOS = YES_AGGRESSIVE;
				GCC_WARN_UNUSED_FUNCTION = YES;
				GCC_WARN_UNUSED_VARIABLE = YES;
				IPHONEOS_DEPLOYMENT_TARGET = 12.1;
				MTL_ENABLE_DEBUG_INFO = INCLUDE_SOURCE;
				MTL_FAST_MATH = YES;
				ONLY_ACTIVE_ARCH = YES;
				SDKROOT = iphoneos;
				SWIFT_ACTIVE_COMPILATION_CONDITIONS = DEBUG;
				SWIFT_OPTIMIZATION_LEVEL = "-Onone";
			};
			name = Debug;
		};
		BB78ED252238227B002B7F39 /* Release */ = {
			isa = XCBuildConfiguration;
			buildSettings = {
				ALWAYS_SEARCH_USER_PATHS = NO;
				CLANG_ANALYZER_NONNULL = YES;
				CLANG_ANALYZER_NUMBER_OBJECT_CONVERSION = YES_AGGRESSIVE;
				CLANG_CXX_LANGUAGE_STANDARD = "gnu++14";
				CLANG_CXX_LIBRARY = "libc++";
				CLANG_ENABLE_MODULES = YES;
				CLANG_ENABLE_OBJC_ARC = YES;
				CLANG_ENABLE_OBJC_WEAK = YES;
				CLANG_WARN_BLOCK_CAPTURE_AUTORELEASING = YES;
				CLANG_WARN_BOOL_CONVERSION = YES;
				CLANG_WARN_COMMA = YES;
				CLANG_WARN_CONSTANT_CONVERSION = YES;
				CLANG_WARN_DEPRECATED_OBJC_IMPLEMENTATIONS = YES;
				CLANG_WARN_DIRECT_OBJC_ISA_USAGE = YES_ERROR;
				CLANG_WARN_DOCUMENTATION_COMMENTS = YES;
				CLANG_WARN_EMPTY_BODY = YES;
				CLANG_WARN_ENUM_CONVERSION = YES;
				CLANG_WARN_INFINITE_RECURSION = YES;
				CLANG_WARN_INT_CONVERSION = YES;
				CLANG_WARN_NON_LITERAL_NULL_CONVERSION = YES;
				CLANG_WARN_OBJC_IMPLICIT_RETAIN_SELF = YES;
				CLANG_WARN_OBJC_LITERAL_CONVERSION = YES;
				CLANG_WARN_OBJC_ROOT_CLASS = YES_ERROR;
				CLANG_WARN_RANGE_LOOP_ANALYSIS = YES;
				CLANG_WARN_STRICT_PROTOTYPES = YES;
				CLANG_WARN_SUSPICIOUS_MOVE = YES;
				CLANG_WARN_UNGUARDED_AVAILABILITY = YES_AGGRESSIVE;
				CLANG_WARN_UNREACHABLE_CODE = YES;
				CLANG_WARN__DUPLICATE_METHOD_MATCH = YES;
				CODE_SIGN_IDENTITY = "iPhone Developer";
				COPY_PHASE_STRIP = NO;
				DEBUG_INFORMATION_FORMAT = "dwarf-with-dsym";
				ENABLE_NS_ASSERTIONS = NO;
				ENABLE_STRICT_OBJC_MSGSEND = YES;
				GCC_C_LANGUAGE_STANDARD = gnu11;
				GCC_NO_COMMON_BLOCKS = YES;
				GCC_WARN_64_TO_32_BIT_CONVERSION = YES;
				GCC_WARN_ABOUT_RETURN_TYPE = YES_ERROR;
				GCC_WARN_UNDECLARED_SELECTOR = YES;
				GCC_WARN_UNINITIALIZED_AUTOS = YES_AGGRESSIVE;
				GCC_WARN_UNUSED_FUNCTION = YES;
				GCC_WARN_UNUSED_VARIABLE = YES;
				IPHONEOS_DEPLOYMENT_TARGET = 12.1;
				MTL_ENABLE_DEBUG_INFO = NO;
				MTL_FAST_MATH = YES;
				SDKROOT = iphoneos;
				SWIFT_COMPILATION_MODE = wholemodule;
				SWIFT_OPTIMIZATION_LEVEL = "-O";
				VALIDATE_PRODUCT = YES;
			};
			name = Release;
		};
		BB78ED272238227B002B7F39 /* Debug */ = {
			isa = XCBuildConfiguration;
			buildSettings = {
				ASSETCATALOG_COMPILER_APPICON_NAME = AppIcon;
				CODE_SIGN_STYLE = Automatic;
				DEVELOPMENT_TEAM = 7776EVMD5A;
				INFOPLIST_FILE = YLAnimation/Info.plist;
				LD_RUNPATH_SEARCH_PATHS = (
					"$(inherited)",
					"@executable_path/Frameworks",
				);
				PRODUCT_BUNDLE_IDENTIFIER = Yeonluu.YLAnimation;
				PRODUCT_NAME = "$(TARGET_NAME)";
				SWIFT_VERSION = 4.2;
				TARGETED_DEVICE_FAMILY = "1,2";
			};
			name = Debug;
		};
		BB78ED282238227B002B7F39 /* Release */ = {
			isa = XCBuildConfiguration;
			buildSettings = {
				ASSETCATALOG_COMPILER_APPICON_NAME = AppIcon;
				CODE_SIGN_STYLE = Automatic;
				DEVELOPMENT_TEAM = 7776EVMD5A;
				INFOPLIST_FILE = YLAnimation/Info.plist;
				LD_RUNPATH_SEARCH_PATHS = (
					"$(inherited)",
					"@executable_path/Frameworks",
				);
				PRODUCT_BUNDLE_IDENTIFIER = Yeonluu.YLAnimation;
				PRODUCT_NAME = "$(TARGET_NAME)";
				SWIFT_VERSION = 4.2;
				TARGETED_DEVICE_FAMILY = "1,2";
			};
			name = Release;
		};
/* End XCBuildConfiguration section */

/* Begin XCConfigurationList section */
		BB78ED0F2238227A002B7F39 /* Build configuration list for PBXProject "YLAnimation" */ = {
			isa = XCConfigurationList;
			buildConfigurations = (
				BB78ED242238227B002B7F39 /* Debug */,
				BB78ED252238227B002B7F39 /* Release */,
			);
			defaultConfigurationIsVisible = 0;
			defaultConfigurationName = Release;
		};
		BB78ED262238227B002B7F39 /* Build configuration list for PBXNativeTarget "YLAnimation" */ = {
			isa = XCConfigurationList;
			buildConfigurations = (
				BB78ED272238227B002B7F39 /* Debug */,
				BB78ED282238227B002B7F39 /* Release */,
			);
			defaultConfigurationIsVisible = 0;
			defaultConfigurationName = Release;
		};
/* End XCConfigurationList section */
	};
	rootObject = BB78ED0C2238227A002B7F39 /* Project object */;
}
